// !$*UTF8*$!
{
	archiveVersion = 1;
	classes = {
	};
	objectVersion = 50;
	objects = {

/* Begin PBXBuildFile section */
		167964EA24B16C1D007A8092 /* AppDelegate.swift in Sources */ = {isa = PBXBuildFile; fileRef = 167964E924B16C1D007A8092 /* AppDelegate.swift */; };
		167964EC24B16C1D007A8092 /* SceneDelegate.swift in Sources */ = {isa = PBXBuildFile; fileRef = 167964EB24B16C1D007A8092 /* SceneDelegate.swift */; };
		167964EF24B16C1D007A8092 /* CoronaStats.xcdatamodeld in Sources */ = {isa = PBXBuildFile; fileRef = 167964ED24B16C1D007A8092 /* CoronaStats.xcdatamodeld */; };
		167964F124B16C1D007A8092 /* ContentView.swift in Sources */ = {isa = PBXBuildFile; fileRef = 167964F024B16C1D007A8092 /* ContentView.swift */; };
		167964F324B16C21007A8092 /* Assets.xcassets in Resources */ = {isa = PBXBuildFile; fileRef = 167964F224B16C21007A8092 /* Assets.xcassets */; };
		167964F624B16C21007A8092 /* Preview Assets.xcassets in Resources */ = {isa = PBXBuildFile; fileRef = 167964F524B16C21007A8092 /* Preview Assets.xcassets */; };
		167964F924B16C21007A8092 /* LaunchScreen.storyboard in Resources */ = {isa = PBXBuildFile; fileRef = 167964F724B16C21007A8092 /* LaunchScreen.storyboard */; };
/* End PBXBuildFile section */

/* Begin PBXFileReference section */
		167964E624B16C1D007A8092 /* CoronaStats.app */ = {isa = PBXFileReference; explicitFileType = wrapper.application; includeInIndex = 0; path = CoronaStats.app; sourceTree = BUILT_PRODUCTS_DIR; };
		167964E924B16C1D007A8092 /* AppDelegate.swift */ = {isa = PBXFileReference; lastKnownFileType = sourcecode.swift; path = AppDelegate.swift; sourceTree = "<group>"; };
		167964EB24B16C1D007A8092 /* SceneDelegate.swift */ = {isa = PBXFileReference; lastKnownFileType = sourcecode.swift; path = SceneDelegate.swift; sourceTree = "<group>"; };
		167964EE24B16C1D007A8092 /* CoronaStats.xcdatamodel */ = {isa = PBXFileReference; lastKnownFileType = wrapper.xcdatamodel; path = CoronaStats.xcdatamodel; sourceTree = "<group>"; };
		167964F024B16C1D007A8092 /* ContentView.swift */ = {isa = PBXFileReference; lastKnownFileType = sourcecode.swift; path = ContentView.swift; sourceTree = "<group>"; };
		167964F224B16C21007A8092 /* Assets.xcassets */ = {isa = PBXFileReference; lastKnownFileType = folder.assetcatalog; path = Assets.xcassets; sourceTree = "<group>"; };
		167964F524B16C21007A8092 /* Preview Assets.xcassets */ = {isa = PBXFileReference; lastKnownFileType = folder.assetcatalog; path = "Preview Assets.xcassets"; sourceTree = "<group>"; };
		167964F824B16C21007A8092 /* Base */ = {isa = PBXFileReference; lastKnownFileType = file.storyboard; name = Base; path = Base.lproj/LaunchScreen.storyboard; sourceTree = "<group>"; };
		167964FA24B16C21007A8092 /* Info.plist */ = {isa = PBXFileReference; lastKnownFileType = text.plist.xml; path = Info.plist; sourceTree = "<group>"; };
/* End PBXFileReference section */

/* Begin PBXFrameworksBuildPhase section */
		167964E324B16C1D007A8092 /* Frameworks */ = {
			isa = PBXFrameworksBuildPhase;
			buildActionMask = 2147483647;
			files = (
			);
			runOnlyForDeploymentPostprocessing = 0;
		};
/* End PBXFrameworksBuildPhase section */

/* Begin PBXGroup section */
		167964DD24B16C1C007A8092 = {
			isa = PBXGroup;
			children = (
				167964E824B16C1D007A8092 /* CoronaStats */,
				167964E724B16C1D007A8092 /* Products */,
			);
			sourceTree = "<group>";
		};
		167964E724B16C1D007A8092 /* Products */ = {
			isa = PBXGroup;
			children = (
				167964E624B16C1D007A8092 /* CoronaStats.app */,
			);
			name = Products;
			sourceTree = "<group>";
		};
		167964E824B16C1D007A8092 /* CoronaStats */ = {
			isa = PBXGroup;
			children = (
				167964E924B16C1D007A8092 /* AppDelegate.swift */,
				167964EB24B16C1D007A8092 /* SceneDelegate.swift */,
				167964F024B16C1D007A8092 /* ContentView.swift */,
				167964F224B16C21007A8092 /* Assets.xcassets */,
				167964F724B16C21007A8092 /* LaunchScreen.storyboard */,
				167964FA24B16C21007A8092 /* Info.plist */,
				167964ED24B16C1D007A8092 /* CoronaStats.xcdatamodeld */,
				167964F424B16C21007A8092 /* Preview Content */,
			);
			path = CoronaStats;
			sourceTree = "<group>";
		};
		167964F424B16C21007A8092 /* Preview Content */ = {
			isa = PBXGroup;
			children = (
				167964F524B16C21007A8092 /* Preview Assets.xcassets */,
			);
			path = "Preview Content";
			sourceTree = "<group>";
		};
/* End PBXGroup section */

/* Begin PBXNativeTarget section */
		167964E524B16C1D007A8092 /* CoronaStats */ = {
			isa = PBXNativeTarget;
			buildConfigurationList = 167964FD24B16C21007A8092 /* Build configuration list for PBXNativeTarget "CoronaStats" */;
			buildPhases = (
				167964E224B16C1D007A8092 /* Sources */,
				167964E324B16C1D007A8092 /* Frameworks */,
				167964E424B16C1D007A8092 /* Resources */,
			);
			buildRules = (
			);
			dependencies = (
			);
			name = CoronaStats;
			productName = CoronaStats;
			productReference = 167964E624B16C1D007A8092 /* CoronaStats.app */;
			productType = "com.apple.product-type.application";
		};
/* End PBXNativeTarget section */

/* Begin PBXProject section */
		167964DE24B16C1C007A8092 /* Project object */ = {
			isa = PBXProject;
			attributes = {
				LastSwiftUpdateCheck = 1150;
				LastUpgradeCheck = 1150;
				ORGANIZATIONNAME = "Ryan Saunders";
				TargetAttributes = {
					167964E524B16C1D007A8092 = {
						CreatedOnToolsVersion = 11.5;
					};
				};
			};
			buildConfigurationList = 167964E124B16C1C007A8092 /* Build configuration list for PBXProject "CoronaStats" */;
			compatibilityVersion = "Xcode 9.3";
			developmentRegion = en;
			hasScannedForEncodings = 0;
			knownRegions = (
				en,
				Base,
			);
			mainGroup = 167964DD24B16C1C007A8092;
			productRefGroup = 167964E724B16C1D007A8092 /* Products */;
			projectDirPath = "";
			projectRoot = "";
			targets = (
				167964E524B16C1D007A8092 /* CoronaStats */,
			);
		};
/* End PBXProject section */

/* Begin PBXResourcesBuildPhase section */
		167964E424B16C1D007A8092 /* Resources */ = {
			isa = PBXResourcesBuildPhase;
			buildActionMask = 2147483647;
			files = (
				167964F924B16C21007A8092 /* LaunchScreen.storyboard in Resources */,
				167964F624B16C21007A8092 /* Preview Assets.xcassets in Resources */,
				167964F324B16C21007A8092 /* Assets.xcassets in Resources */,
			);
			runOnlyForDeploymentPostprocessing = 0;
		};
/* End PBXResourcesBuildPhase section */

/* Begin PBXSourcesBuildPhase section */
		167964E224B16C1D007A8092 /* Sources */ = {
			isa = PBXSourcesBuildPhase;
			buildActionMask = 2147483647;
			files = (
				167964EF24B16C1D007A8092 /* CoronaStats.xcdatamodeld in Sources */,
				167964EA24B16C1D007A8092 /* AppDelegate.swift in Sources */,
				167964F124B16C1D007A8092 /* ContentView.swift in Sources */,
				167964EC24B16C1D007A8092 /* SceneDelegate.swift in Sources */,
			);
			runOnlyForDeploymentPostprocessing = 0;
		};
/* End PBXSourcesBuildPhase section */

/* Begin PBXVariantGroup section */
		167964F724B16C21007A8092 /* LaunchScreen.storyboard */ = {
			isa = PBXVariantGroup;
			children = (
				167964F824B16C21007A8092 /* Base */,
			);
			name = LaunchScreen.storyboard;
			sourceTree = "<group>";
		};
/* End PBXVariantGroup section */

/* Begin XCBuildConfiguration section */
		167964FB24B16C21007A8092 /* Debug */ = {
			isa = XCBuildConfiguration;
			buildSettings = {
				ALWAYS_SEARCH_USER_PATHS = NO;
				CLANG_ANALYZER_NONNULL = YES;
				CLANG_ANALYZER_NUMBER_OBJECT_CONVERSION = YES_AGGRESSIVE;
				CLANG_CXX_LANGUAGE_STANDARD = "gnu++14";
				CLANG_CXX_LIBRARY = "libc++";
				CLANG_ENABLE_MODULES = YES;
				CLANG_ENABLE_OBJC_ARC = YES;
				CLANG_ENABLE_OBJC_WEAK = YES;
				CLANG_WARN_BLOCK_CAPTURE_AUTORELEASING = YES;
				CLANG_WARN_BOOL_CONVERSION = YES;
				CLANG_WARN_COMMA = YES;
				CLANG_WARN_CONSTANT_CONVERSION = YES;
				CLANG_WARN_DEPRECATED_OBJC_IMPLEMENTATIONS = YES;
				CLANG_WARN_DIRECT_OBJC_ISA_USAGE = YES_ERROR;
				CLANG_WARN_DOCUMENTATION_COMMENTS = YES;
				CLANG_WARN_EMPTY_BODY = YES;
				CLANG_WARN_ENUM_CONVERSION = YES;
				CLANG_WARN_INFINITE_RECURSION = YES;
				CLANG_WARN_INT_CONVERSION = YES;
				CLANG_WARN_NON_LITERAL_NULL_CONVERSION = YES;
				CLANG_WARN_OBJC_IMPLICIT_RETAIN_SELF = YES;
				CLANG_WARN_OBJC_LITERAL_CONVERSION = YES;
				CLANG_WARN_OBJC_ROOT_CLASS = YES_ERROR;
				CLANG_WARN_RANGE_LOOP_ANALYSIS = YES;
				CLANG_WARN_STRICT_PROTOTYPES = YES;
				CLANG_WARN_SUSPICIOUS_MOVE = YES;
				CLANG_WARN_UNGUARDED_AVAILABILITY = YES_AGGRESSIVE;
				CLANG_WARN_UNREACHABLE_CODE = YES;
				CLANG_WARN__DUPLICATE_METHOD_MATCH = YES;
				COPY_PHASE_STRIP = NO;
				DEBUG_INFORMATION_FORMAT = dwarf;
				ENABLE_STRICT_OBJC_MSGSEND = YES;
				ENABLE_TESTABILITY = YES;
				GCC_C_LANGUAGE_STANDARD = gnu11;
				GCC_DYNAMIC_NO_PIC = NO;
				GCC_NO_COMMON_BLOCKS = YES;
				GCC_OPTIMIZATION_LEVEL = 0;
				GCC_PREPROCESSOR_DEFINITIONS = (
					"DEBUG=1",
					"$(inherited)",
				);
				GCC_WARN_64_TO_32_BIT_CONVERSION = YES;
				GCC_WARN_ABOUT_RETURN_TYPE = YES_ERROR;
				GCC_WARN_UNDECLARED_SELECTOR = YES;
				GCC_WARN_UNINITIALIZED_AUTOS = YES_AGGRESSIVE;
				GCC_WARN_UNUSED_FUNCTION = YES;
				GCC_WARN_UNUSED_VARIABLE = YES;
				IPHONEOS_DEPLOYMENT_TARGET = 13.5;
				MTL_ENABLE_DEBUG_INFO = INCLUDE_SOURCE;
				MTL_FAST_MATH = YES;
				ONLY_ACTIVE_ARCH = YES;
				SDKROOT = iphoneos;
				SWIFT_ACTIVE_COMPILATION_CONDITIONS = DEBUG;
				SWIFT_OPTIMIZATION_LEVEL = "-Onone";
			};
			name = Debug;
		};
		167964FC24B16C21007A8092 /* Release */ = {
			isa = XCBuildConfiguration;
			buildSettings = {
				ALWAYS_SEARCH_USER_PATHS = NO;
				CLANG_ANALYZER_NONNULL = YES;
				CLANG_ANALYZER_NUMBER_OBJECT_CONVERSION = YES_AGGRESSIVE;
				CLANG_CXX_LANGUAGE_STANDARD = "gnu++14";
				CLANG_CXX_LIBRARY = "libc++";
				CLANG_ENABLE_MODULES = YES;
				CLANG_ENABLE_OBJC_ARC = YES;
				CLANG_ENABLE_OBJC_WEAK = YES;
				CLANG_WARN_BLOCK_CAPTURE_AUTORELEASING = YES;
				CLANG_WARN_BOOL_CONVERSION = YES;
				CLANG_WARN_COMMA = YES;
				CLANG_WARN_CONSTANT_CONVERSION = YES;
				CLANG_WARN_DEPRECATED_OBJC_IMPLEMENTATIONS = YES;
				CLANG_WARN_DIRECT_OBJC_ISA_USAGE = YES_ERROR;
				CLANG_WARN_DOCUMENTATION_COMMENTS = YES;
				CLANG_WARN_EMPTY_BODY = YES;
				CLANG_WARN_ENUM_CONVERSION = YES;
				CLANG_WARN_INFINITE_RECURSION = YES;
				CLANG_WARN_INT_CONVERSION = YES;
				CLANG_WARN_NON_LITERAL_NULL_CONVERSION = YES;
				CLANG_WARN_OBJC_IMPLICIT_RETAIN_SELF = YES;
				CLANG_WARN_OBJC_LITERAL_CONVERSION = YES;
				CLANG_WARN_OBJC_ROOT_CLASS = YES_ERROR;
				CLANG_WARN_RANGE_LOOP_ANALYSIS = YES;
				CLANG_WARN_STRICT_PROTOTYPES = YES;
				CLANG_WARN_SUSPICIOUS_MOVE = YES;
				CLANG_WARN_UNGUARDED_AVAILABILITY = YES_AGGRESSIVE;
				CLANG_WARN_UNREACHABLE_CODE = YES;
				CLANG_WARN__DUPLICATE_METHOD_MATCH = YES;
				COPY_PHASE_STRIP = NO;
				DEBUG_INFORMATION_FORMAT = "dwarf-with-dsym";
				ENABLE_NS_ASSERTIONS = NO;
				ENABLE_STRICT_OBJC_MSGSEND = YES;
				GCC_C_LANGUAGE_STANDARD = gnu11;
				GCC_NO_COMMON_BLOCKS = YES;
				GCC_WARN_64_TO_32_BIT_CONVERSION = YES;
				GCC_WARN_ABOUT_RETURN_TYPE = YES_ERROR;
				GCC_WARN_UNDECLARED_SELECTOR = YES;
				GCC_WARN_UNINITIALIZED_AUTOS = YES_AGGRESSIVE;
				GCC_WARN_UNUSED_FUNCTION = YES;
				GCC_WARN_UNUSED_VARIABLE = YES;
				IPHONEOS_DEPLOYMENT_TARGET = 13.5;
				MTL_ENABLE_DEBUG_INFO = NO;
				MTL_FAST_MATH = YES;
				SDKROOT = iphoneos;
				SWIFT_COMPILATION_MODE = wholemodule;
				SWIFT_OPTIMIZATION_LEVEL = "-O";
				VALIDATE_PRODUCT = YES;
			};
			name = Release;
		};
		167964FE24B16C21007A8092 /* Debug */ = {
			isa = XCBuildConfiguration;
			buildSettings = {
				ASSETCATALOG_COMPILER_APPICON_NAME = AppIcon;
				CODE_SIGN_STYLE = Automatic;
				DEVELOPMENT_ASSET_PATHS = "\"CoronaStats/Preview Content\"";
				DEVELOPMENT_TEAM = 2TTKW2WLBZ;
				ENABLE_PREVIEWS = YES;
				INFOPLIST_FILE = CoronaStats/Info.plist;
				LD_RUNPATH_SEARCH_PATHS = (
					"$(inherited)",
					"@executable_path/Frameworks",
				);
				PRODUCT_BUNDLE_IDENTIFIER = com.ryansaunders.CoronaStats;
				PRODUCT_NAME = "$(TARGET_NAME)";
				SWIFT_VERSION = 5.0;
				TARGETED_DEVICE_FAMILY = "1,2";
			};
			name = Debug;
		};
		167964FF24B16C21007A8092 /* Release */ = {
			isa = XCBuildConfiguration;
			buildSettings = {
				ASSETCATALOG_COMPILER_APPICON_NAME = AppIcon;
				CODE_SIGN_STYLE = Automatic;
				DEVELOPMENT_ASSET_PATHS = "\"CoronaStats/Preview Content\"";
				DEVELOPMENT_TEAM = 2TTKW2WLBZ;
				ENABLE_PREVIEWS = YES;
				INFOPLIST_FILE = CoronaStats/Info.plist;
				LD_RUNPATH_SEARCH_PATHS = (
					"$(inherited)",
					"@executable_path/Frameworks",
				);
				PRODUCT_BUNDLE_IDENTIFIER = com.ryansaunders.CoronaStats;
				PRODUCT_NAME = "$(TARGET_NAME)";
				SWIFT_VERSION = 5.0;
				TARGETED_DEVICE_FAMILY = "1,2";
			};
			name = Release;
		};
/* End XCBuildConfiguration section */

/* Begin XCConfigurationList section */
		167964E124B16C1C007A8092 /* Build configuration list for PBXProject "CoronaStats" */ = {
			isa = XCConfigurationList;
			buildConfigurations = (
				167964FB24B16C21007A8092 /* Debug */,
				167964FC24B16C21007A8092 /* Release */,
			);
			defaultConfigurationIsVisible = 0;
			defaultConfigurationName = Release;
		};
		167964FD24B16C21007A8092 /* Build configuration list for PBXNativeTarget "CoronaStats" */ = {
			isa = XCConfigurationList;
			buildConfigurations = (
				167964FE24B16C21007A8092 /* Debug */,
				167964FF24B16C21007A8092 /* Release */,
			);
			defaultConfigurationIsVisible = 0;
			defaultConfigurationName = Release;
		};
/* End XCConfigurationList section */

/* Begin XCVersionGroup section */
		167964ED24B16C1D007A8092 /* CoronaStats.xcdatamodeld */ = {
			isa = XCVersionGroup;
			children = (
				167964EE24B16C1D007A8092 /* CoronaStats.xcdatamodel */,
			);
			currentVersion = 167964EE24B16C1D007A8092 /* CoronaStats.xcdatamodel */;
			path = CoronaStats.xcdatamodeld;
			sourceTree = "<group>";
			versionGroupType = wrapper.xcdatamodel;
		};
/* End XCVersionGroup section */
	};
	rootObject = 167964DE24B16C1C007A8092 /* Project object */;
}
